
Microsoft Visual Studio Solution File, Format Version 12.00
# Visual Studio Version 16
VisualStudioVersion = 16.0.29020.237
MinimumVisualStudioVersion = 10.0.40219.1
Project("{FAE04EC0-301F-11D3-BF4B-00C04F79EFBC}") = "ClassicForms.Showcase2", "ClassicForms.Showcase2\ClassicForms.Showcase2.csproj", "{C6CE7F38-27E3-4D3F-AB94-513DE640D212}"
EndProject
Project("{FAE04EC0-301F-11D3-BF4B-00C04F79EFBC}") = "ClassicForms.Showcase2.UI", "ClassicForms.Showcase2.UI\ClassicForms.Showcase2.UI.csproj", "{EDF2F2D6-92A2-4CF3-AB47-AEA3EAC20B2B}"
EndProject
Global
	GlobalSection(SolutionConfigurationPlatforms) = preSolution
		Debug|Any CPU = Debug|Any CPU
		Release|Any CPU = Release|Any CPU
	EndGlobalSection
	GlobalSection(ProjectConfigurationPlatforms) = postSolution
		{C6CE7F38-27E3-4D3F-AB94-513DE640D212}.Debug|Any CPU.ActiveCfg = Debug|Any CPU
		{C6CE7F38-27E3-4D3F-AB94-513DE640D212}.Debug|Any CPU.Build.0 = Debug|Any CPU
		{C6CE7F38-27E3-4D3F-AB94-513DE640D212}.Release|Any CPU.ActiveCfg = Release|Any CPU
		{C6CE7F38-27E3-4D3F-AB94-513DE640D212}.Release|Any CPU.Build.0 = Release|Any CPU
		{EDF2F2D6-92A2-4CF3-AB47-AEA3EAC20B2B}.Debug|Any CPU.ActiveCfg = Debug|Any CPU
		{EDF2F2D6-92A2-4CF3-AB47-AEA3EAC20B2B}.Debug|Any CPU.Build.0 = Debug|Any CPU
		{EDF2F2D6-92A2-4CF3-AB47-AEA3EAC20B2B}.Release|Any CPU.ActiveCfg = Release|Any CPU
		{EDF2F2D6-92A2-4CF3-AB47-AEA3EAC20B2B}.Release|Any CPU.Build.0 = Release|Any CPU
	EndGlobalSection
	GlobalSection(SolutionProperties) = preSolution
		HideSolutionNode = FALSE
	EndGlobalSection
	GlobalSection(ExtensibilityGlobals) = postSolution
		SolutionGuid = {5D021F39-9DA0-41E8-93FB-3C545FF82E2A}
	EndGlobalSection
EndGlobal
